// !$*UTF8*$!
{
	archiveVersion = 1;
	classes = {
	};
	objectVersion = 50;
	objects = {

/* Begin PBXBuildFile section */
		D857521924B2905F00DB959B /* AppDelegate.swift in Sources */ = {isa = PBXBuildFile; fileRef = D857521824B2905F00DB959B /* AppDelegate.swift */; };
		D857521B24B2905F00DB959B /* SceneDelegate.swift in Sources */ = {isa = PBXBuildFile; fileRef = D857521A24B2905F00DB959B /* SceneDelegate.swift */; };
		D857522024B2905F00DB959B /* Main.storyboard in Resources */ = {isa = PBXBuildFile; fileRef = D857521E24B2905F00DB959B /* Main.storyboard */; };
		D857522224B2906000DB959B /* Assets.xcassets in Resources */ = {isa = PBXBuildFile; fileRef = D857522124B2906000DB959B /* Assets.xcassets */; };
		D857522524B2906000DB959B /* LaunchScreen.storyboard in Resources */ = {isa = PBXBuildFile; fileRef = D857522324B2906000DB959B /* LaunchScreen.storyboard */; };
		D857522D24B2920400DB959B /* ColorsTableViewController.swift in Sources */ = {isa = PBXBuildFile; fileRef = D857522C24B2920400DB959B /* ColorsTableViewController.swift */; };
		D857522F24B293E600DB959B /* ColorsDetailViewController.swift in Sources */ = {isa = PBXBuildFile; fileRef = D857522E24B293E600DB959B /* ColorsDetailViewController.swift */; };
/* End PBXBuildFile section */

/* Begin PBXFileReference section */
		D857521524B2905F00DB959B /* Random Colors.app */ = {isa = PBXFileReference; explicitFileType = wrapper.application; includeInIndex = 0; path = "Random Colors.app"; sourceTree = BUILT_PRODUCTS_DIR; };
		D857521824B2905F00DB959B /* AppDelegate.swift */ = {isa = PBXFileReference; lastKnownFileType = sourcecode.swift; path = AppDelegate.swift; sourceTree = "<group>"; };
		D857521A24B2905F00DB959B /* SceneDelegate.swift */ = {isa = PBXFileReference; lastKnownFileType = sourcecode.swift; path = SceneDelegate.swift; sourceTree = "<group>"; };
		D857521F24B2905F00DB959B /* Base */ = {isa = PBXFileReference; lastKnownFileType = file.storyboard; name = Base; path = Base.lproj/Main.storyboard; sourceTree = "<group>"; };
		D857522124B2906000DB959B /* Assets.xcassets */ = {isa = PBXFileReference; lastKnownFileType = folder.assetcatalog; path = Assets.xcassets; sourceTree = "<group>"; };
		D857522424B2906000DB959B /* Base */ = {isa = PBXFileReference; lastKnownFileType = file.storyboard; name = Base; path = Base.lproj/LaunchScreen.storyboard; sourceTree = "<group>"; };
		D857522624B2906000DB959B /* Info.plist */ = {isa = PBXFileReference; lastKnownFileType = text.plist.xml; path = Info.plist; sourceTree = "<group>"; };
		D857522C24B2920400DB959B /* ColorsTableViewController.swift */ = {isa = PBXFileReference; lastKnownFileType = sourcecode.swift; path = ColorsTableViewController.swift; sourceTree = "<group>"; };
		D857522E24B293E600DB959B /* ColorsDetailViewController.swift */ = {isa = PBXFileReference; lastKnownFileType = sourcecode.swift; path = ColorsDetailViewController.swift; sourceTree = "<group>"; };
/* End PBXFileReference section */

/* Begin PBXFrameworksBuildPhase section */
		D857521224B2905F00DB959B /* Frameworks */ = {
			isa = PBXFrameworksBuildPhase;
			buildActionMask = 2147483647;
			files = (
			);
			runOnlyForDeploymentPostprocessing = 0;
		};
/* End PBXFrameworksBuildPhase section */

/* Begin PBXGroup section */
		D857520C24B2905F00DB959B = {
			isa = PBXGroup;
			children = (
				D857521724B2905F00DB959B /* Random Colors */,
				D857521624B2905F00DB959B /* Products */,
			);
			sourceTree = "<group>";
		};
		D857521624B2905F00DB959B /* Products */ = {
			isa = PBXGroup;
			children = (
				D857521524B2905F00DB959B /* Random Colors.app */,
			);
			name = Products;
			sourceTree = "<group>";
		};
		D857521724B2905F00DB959B /* Random Colors */ = {
			isa = PBXGroup;
			children = (
				D857521824B2905F00DB959B /* AppDelegate.swift */,
				D857521A24B2905F00DB959B /* SceneDelegate.swift */,
				D857522E24B293E600DB959B /* ColorsDetailViewController.swift */,
				D857522C24B2920400DB959B /* ColorsTableViewController.swift */,
				D857521E24B2905F00DB959B /* Main.storyboard */,
				D857522124B2906000DB959B /* Assets.xcassets */,
				D857522324B2906000DB959B /* LaunchScreen.storyboard */,
				D857522624B2906000DB959B /* Info.plist */,
			);
			path = "Random Colors";
			sourceTree = "<group>";
		};
/* End PBXGroup section */

/* Begin PBXNativeTarget section */
		D857521424B2905F00DB959B /* Random Colors */ = {
			isa = PBXNativeTarget;
			buildConfigurationList = D857522924B2906000DB959B /* Build configuration list for PBXNativeTarget "Random Colors" */;
			buildPhases = (
				D857521124B2905F00DB959B /* Sources */,
				D857521224B2905F00DB959B /* Frameworks */,
				D857521324B2905F00DB959B /* Resources */,
			);
			buildRules = (
			);
			dependencies = (
			);
			name = "Random Colors";
			productName = "Random Colors";
			productReference = D857521524B2905F00DB959B /* Random Colors.app */;
			productType = "com.apple.product-type.application";
		};
/* End PBXNativeTarget section */

/* Begin PBXProject section */
		D857520D24B2905F00DB959B /* Project object */ = {
			isa = PBXProject;
			attributes = {
				LastSwiftUpdateCheck = 1150;
				LastUpgradeCheck = 1150;
				ORGANIZATIONNAME = "Scott Enriquez";
				TargetAttributes = {
					D857521424B2905F00DB959B = {
						CreatedOnToolsVersion = 11.5;
					};
				};
			};
			buildConfigurationList = D857521024B2905F00DB959B /* Build configuration list for PBXProject "Random Colors" */;
			compatibilityVersion = "Xcode 9.3";
			developmentRegion = en;
			hasScannedForEncodings = 0;
			knownRegions = (
				en,
				Base,
			);
			mainGroup = D857520C24B2905F00DB959B;
			productRefGroup = D857521624B2905F00DB959B /* Products */;
			projectDirPath = "";
			projectRoot = "";
			targets = (
				D857521424B2905F00DB959B /* Random Colors */,
			);
		};
/* End PBXProject section */

/* Begin PBXResourcesBuildPhase section */
		D857521324B2905F00DB959B /* Resources */ = {
			isa = PBXResourcesBuildPhase;
			buildActionMask = 2147483647;
			files = (
				D857522524B2906000DB959B /* LaunchScreen.storyboard in Resources */,
				D857522224B2906000DB959B /* Assets.xcassets in Resources */,
				D857522024B2905F00DB959B /* Main.storyboard in Resources */,
			);
			runOnlyForDeploymentPostprocessing = 0;
		};
/* End PBXResourcesBuildPhase section */

/* Begin PBXSourcesBuildPhase section */
		D857521124B2905F00DB959B /* Sources */ = {
			isa = PBXSourcesBuildPhase;
			buildActionMask = 2147483647;
			files = (
				D857521924B2905F00DB959B /* AppDelegate.swift in Sources */,
				D857521B24B2905F00DB959B /* SceneDelegate.swift in Sources */,
				D857522F24B293E600DB959B /* ColorsDetailViewController.swift in Sources */,
				D857522D24B2920400DB959B /* ColorsTableViewController.swift in Sources */,
			);
			runOnlyForDeploymentPostprocessing = 0;
		};
/* End PBXSourcesBuildPhase section */

/* Begin PBXVariantGroup section */
		D857521E24B2905F00DB959B /* Main.storyboard */ = {
			isa = PBXVariantGroup;
			children = (
				D857521F24B2905F00DB959B /* Base */,
			);
			name = Main.storyboard;
			sourceTree = "<group>";
		};
		D857522324B2906000DB959B /* LaunchScreen.storyboard */ = {
			isa = PBXVariantGroup;
			children = (
				D857522424B2906000DB959B /* Base */,
			);
			name = LaunchScreen.storyboard;
			sourceTree = "<group>";
		};
/* End PBXVariantGroup section */

/* Begin XCBuildConfiguration section */
		D857522724B2906000DB959B /* Debug */ = {
			isa = XCBuildConfiguration;
			buildSettings = {
				ALWAYS_SEARCH_USER_PATHS = NO;
				CLANG_ANALYZER_NONNULL = YES;
				CLANG_ANALYZER_NUMBER_OBJECT_CONVERSION = YES_AGGRESSIVE;
				CLANG_CXX_LANGUAGE_STANDARD = "gnu++14";
				CLANG_CXX_LIBRARY = "libc++";
				CLANG_ENABLE_MODULES = YES;
				CLANG_ENABLE_OBJC_ARC = YES;
				CLANG_ENABLE_OBJC_WEAK = YES;
				CLANG_WARN_BLOCK_CAPTURE_AUTORELEASING = YES;
				CLANG_WARN_BOOL_CONVERSION = YES;
				CLANG_WARN_COMMA = YES;
				CLANG_WARN_CONSTANT_CONVERSION = YES;
				CLANG_WARN_DEPRECATED_OBJC_IMPLEMENTATIONS = YES;
				CLANG_WARN_DIRECT_OBJC_ISA_USAGE = YES_ERROR;
				CLANG_WARN_DOCUMENTATION_COMMENTS = YES;
				CLANG_WARN_EMPTY_BODY = YES;
				CLANG_WARN_ENUM_CONVERSION = YES;
				CLANG_WARN_INFINITE_RECURSION = YES;
				CLANG_WARN_INT_CONVERSION = YES;
				CLANG_WARN_NON_LITERAL_NULL_CONVERSION = YES;
				CLANG_WARN_OBJC_IMPLICIT_RETAIN_SELF = YES;
				CLANG_WARN_OBJC_LITERAL_CONVERSION = YES;
				CLANG_WARN_OBJC_ROOT_CLASS = YES_ERROR;
				CLANG_WARN_RANGE_LOOP_ANALYSIS = YES;
				CLANG_WARN_STRICT_PROTOTYPES = YES;
				CLANG_WARN_SUSPICIOUS_MOVE = YES;
				CLANG_WARN_UNGUARDED_AVAILABILITY = YES_AGGRESSIVE;
				CLANG_WARN_UNREACHABLE_CODE = YES;
				CLANG_WARN__DUPLICATE_METHOD_MATCH = YES;
				COPY_PHASE_STRIP = NO;
				DEBUG_INFORMATION_FORMAT = dwarf;
				ENABLE_STRICT_OBJC_MSGSEND = YES;
				ENABLE_TESTABILITY = YES;
				GCC_C_LANGUAGE_STANDARD = gnu11;
				GCC_DYNAMIC_NO_PIC = NO;
				GCC_NO_COMMON_BLOCKS = YES;
				GCC_OPTIMIZATION_LEVEL = 0;
				GCC_PREPROCESSOR_DEFINITIONS = (
					"DEBUG=1",
					"$(inherited)",
				);
				GCC_WARN_64_TO_32_BIT_CONVERSION = YES;
				GCC_WARN_ABOUT_RETURN_TYPE = YES_ERROR;
				GCC_WARN_UNDECLARED_SELECTOR = YES;
				GCC_WARN_UNINITIALIZED_AUTOS = YES_AGGRESSIVE;
				GCC_WARN_UNUSED_FUNCTION = YES;
				GCC_WARN_UNUSED_VARIABLE = YES;
				IPHONEOS_DEPLOYMENT_TARGET = 13.5;
				MTL_ENABLE_DEBUG_INFO = INCLUDE_SOURCE;
				MTL_FAST_MATH = YES;
				ONLY_ACTIVE_ARCH = YES;
				SDKROOT = iphoneos;
				SWIFT_ACTIVE_COMPILATION_CONDITIONS = DEBUG;
				SWIFT_OPTIMIZATION_LEVEL = "-Onone";
			};
			name = Debug;
		};
		D857522824B2906000DB959B /* Release */ = {
			isa = XCBuildConfiguration;
			buildSettings = {
				ALWAYS_SEARCH_USER_PATHS = NO;
				CLANG_ANALYZER_NONNULL = YES;
				CLANG_ANALYZER_NUMBER_OBJECT_CONVERSION = YES_AGGRESSIVE;
				CLANG_CXX_LANGUAGE_STANDARD = "gnu++14";
				CLANG_CXX_LIBRARY = "libc++";
				CLANG_ENABLE_MODULES = YES;
				CLANG_ENABLE_OBJC_ARC = YES;
				CLANG_ENABLE_OBJC_WEAK = YES;
				CLANG_WARN_BLOCK_CAPTURE_AUTORELEASING = YES;
				CLANG_WARN_BOOL_CONVERSION = YES;
				CLANG_WARN_COMMA = YES;
				CLANG_WARN_CONSTANT_CONVERSION = YES;
				CLANG_WARN_DEPRECATED_OBJC_IMPLEMENTATIONS = YES;
				CLANG_WARN_DIRECT_OBJC_ISA_USAGE = YES_ERROR;
				CLANG_WARN_DOCUMENTATION_COMMENTS = YES;
				CLANG_WARN_EMPTY_BODY = YES;
				CLANG_WARN_ENUM_CONVERSION = YES;
				CLANG_WARN_INFINITE_RECURSION = YES;
				CLANG_WARN_INT_CONVERSION = YES;
				CLANG_WARN_NON_LITERAL_NULL_CONVERSION = YES;
				CLANG_WARN_OBJC_IMPLICIT_RETAIN_SELF = YES;
				CLANG_WARN_OBJC_LITERAL_CONVERSION = YES;
				CLANG_WARN_OBJC_ROOT_CLASS = YES_ERROR;
				CLANG_WARN_RANGE_LOOP_ANALYSIS = YES;
				CLANG_WARN_STRICT_PROTOTYPES = YES;
				CLANG_WARN_SUSPICIOUS_MOVE = YES;
				CLANG_WARN_UNGUARDED_AVAILABILITY = YES_AGGRESSIVE;
				CLANG_WARN_UNREACHABLE_CODE = YES;
				CLANG_WARN__DUPLICATE_METHOD_MATCH = YES;
				COPY_PHASE_STRIP = NO;
				DEBUG_INFORMATION_FORMAT = "dwarf-with-dsym";
				ENABLE_NS_ASSERTIONS = NO;
				ENABLE_STRICT_OBJC_MSGSEND = YES;
				GCC_C_LANGUAGE_STANDARD = gnu11;
				GCC_NO_COMMON_BLOCKS = YES;
				GCC_WARN_64_TO_32_BIT_CONVERSION = YES;
				GCC_WARN_ABOUT_RETURN_TYPE = YES_ERROR;
				GCC_WARN_UNDECLARED_SELECTOR = YES;
				GCC_WARN_UNINITIALIZED_AUTOS = YES_AGGRESSIVE;
				GCC_WARN_UNUSED_FUNCTION = YES;
				GCC_WARN_UNUSED_VARIABLE = YES;
				IPHONEOS_DEPLOYMENT_TARGET = 13.5;
				MTL_ENABLE_DEBUG_INFO = NO;
				MTL_FAST_MATH = YES;
				SDKROOT = iphoneos;
				SWIFT_COMPILATION_MODE = wholemodule;
				SWIFT_OPTIMIZATION_LEVEL = "-O";
				VALIDATE_PRODUCT = YES;
			};
			name = Release;
		};
		D857522A24B2906000DB959B /* Debug */ = {
			isa = XCBuildConfiguration;
			buildSettings = {
				ASSETCATALOG_COMPILER_APPICON_NAME = AppIcon;
				CODE_SIGN_STYLE = Automatic;
				INFOPLIST_FILE = "Random Colors/Info.plist";
				LD_RUNPATH_SEARCH_PATHS = (
					"$(inherited)",
					"@executable_path/Frameworks",
				);
				PRODUCT_BUNDLE_IDENTIFIER = "xxx.scottie.Random-Colors";
				PRODUCT_NAME = "$(TARGET_NAME)";
				SWIFT_VERSION = 5.0;
				TARGETED_DEVICE_FAMILY = "1,2";
			};
			name = Debug;
		};
		D857522B24B2906000DB959B /* Release */ = {
			isa = XCBuildConfiguration;
			buildSettings = {
				ASSETCATALOG_COMPILER_APPICON_NAME = AppIcon;
				CODE_SIGN_STYLE = Automatic;
				INFOPLIST_FILE = "Random Colors/Info.plist";
				LD_RUNPATH_SEARCH_PATHS = (
					"$(inherited)",
					"@executable_path/Frameworks",
				);
				PRODUCT_BUNDLE_IDENTIFIER = "xxx.scottie.Random-Colors";
				PRODUCT_NAME = "$(TARGET_NAME)";
				SWIFT_VERSION = 5.0;
				TARGETED_DEVICE_FAMILY = "1,2";
			};
			name = Release;
		};
/* End XCBuildConfiguration section */

/* Begin XCConfigurationList section */
		D857521024B2905F00DB959B /* Build configuration list for PBXProject "Random Colors" */ = {
			isa = XCConfigurationList;
			buildConfigurations = (
				D857522724B2906000DB959B /* Debug */,
				D857522824B2906000DB959B /* Release */,
			);
			defaultConfigurationIsVisible = 0;
			defaultConfigurationName = Release;
		};
		D857522924B2906000DB959B /* Build configuration list for PBXNativeTarget "Random Colors" */ = {
			isa = XCConfigurationList;
			buildConfigurations = (
				D857522A24B2906000DB959B /* Debug */,
				D857522B24B2906000DB959B /* Release */,
			);
			defaultConfigurationIsVisible = 0;
			defaultConfigurationName = Release;
		};
/* End XCConfigurationList section */
	};
	rootObject = D857520D24B2905F00DB959B /* Project object */;
}
